// !$*UTF8*$!
{
	archiveVersion = 1;
	classes = {
	};
	objectVersion = 56;
	objects = {

/* Begin PBXBuildFile section */
		9B12DF872C02573C0002B6B0 /* MainContainer.swift in Sources */ = {isa = PBXBuildFile; fileRef = 9B12DF862C02573C0002B6B0 /* MainContainer.swift */; };
		9B12DF892C0282740002B6B0 /* DetailModuleAssemblerProtocol.swift in Sources */ = {isa = PBXBuildFile; fileRef = 9B12DF882C0282740002B6B0 /* DetailModuleAssemblerProtocol.swift */; };
		9B12DF8B2C02865B0002B6B0 /* PhotoRepository.swift in Sources */ = {isa = PBXBuildFile; fileRef = 9B12DF8A2C02865B0002B6B0 /* PhotoRepository.swift */; };
		9B12DF8D2C0286AC0002B6B0 /* RemoteDataSource.swift in Sources */ = {isa = PBXBuildFile; fileRef = 9B12DF8C2C0286AC0002B6B0 /* RemoteDataSource.swift */; };
		9B12DF8F2C02881C0002B6B0 /* LocalDataSource.swift in Sources */ = {isa = PBXBuildFile; fileRef = 9B12DF8E2C02881C0002B6B0 /* LocalDataSource.swift */; };
		9B12DF912C02A2330002B6B0 /* Storage.swift in Sources */ = {isa = PBXBuildFile; fileRef = 9B12DF902C02A2330002B6B0 /* Storage.swift */; };
		9B12DF932C02A6C70002B6B0 /* PhotoDTO.swift in Sources */ = {isa = PBXBuildFile; fileRef = 9B12DF922C02A6C70002B6B0 /* PhotoDTO.swift */; };
		9B1DB2AA2C02AE060003C22E /* PhotoTableViewCellModel.swift in Sources */ = {isa = PBXBuildFile; fileRef = 9B1DB2A92C02AE060003C22E /* PhotoTableViewCellModel.swift */; };
		9B1DB2B62C02B2960003C22E /* Swinject in Frameworks */ = {isa = PBXBuildFile; productRef = 9B1DB2B52C02B2960003C22E /* Swinject */; };
		9B5662662C0346FE0068C273 /* DetailViewModel.swift in Sources */ = {isa = PBXBuildFile; fileRef = 9B5662652C0346FE0068C273 /* DetailViewModel.swift */; };
		9B5662692C03560E0068C273 /* Swinject-Dynamic in Frameworks */ = {isa = PBXBuildFile; productRef = 9B5662682C03560E0068C273 /* Swinject-Dynamic */; };
		9B56626A2C03560E0068C273 /* Swinject-Dynamic in Embed Frameworks */ = {isa = PBXBuildFile; productRef = 9B5662682C03560E0068C273 /* Swinject-Dynamic */; settings = {ATTRIBUTES = (CodeSignOnCopy, ); }; };
		9B87FE282BFCE85B008E6290 /* Kingfisher in Frameworks */ = {isa = PBXBuildFile; productRef = 9B87FE272BFCE85B008E6290 /* Kingfisher */; };
		9B87FE2A2BFD0947008E6290 /* DetailViewController.swift in Sources */ = {isa = PBXBuildFile; fileRef = 9B87FE292BFD0947008E6290 /* DetailViewController.swift */; };
		9B87FE2C2BFD0B8B008E6290 /* DetailPresenter.swift in Sources */ = {isa = PBXBuildFile; fileRef = 9B87FE2B2BFD0B8B008E6290 /* DetailPresenter.swift */; };
		9BA4D6CF2BF7E00E009BB92D /* AppDelegate.swift in Sources */ = {isa = PBXBuildFile; fileRef = 9BA4D6CE2BF7E00E009BB92D /* AppDelegate.swift */; };
		9BA4D6D12BF7E00E009BB92D /* SceneDelegate.swift in Sources */ = {isa = PBXBuildFile; fileRef = 9BA4D6D02BF7E00E009BB92D /* SceneDelegate.swift */; };
		9BA4D6D82BF7E00F009BB92D /* Assets.xcassets in Resources */ = {isa = PBXBuildFile; fileRef = 9BA4D6D72BF7E00F009BB92D /* Assets.xcassets */; };
		9BA4D6DB2BF7E00F009BB92D /* Base in Resources */ = {isa = PBXBuildFile; fileRef = 9BA4D6DA2BF7E00F009BB92D /* Base */; };
		9BA4D7072BF7E5A2009BB92D /* MainModuleAssembler.swift in Sources */ = {isa = PBXBuildFile; fileRef = 9BA4D7062BF7E5A2009BB92D /* MainModuleAssembler.swift */; };
		9BA4D7092BF7E624009BB92D /* Router.swift in Sources */ = {isa = PBXBuildFile; fileRef = 9BA4D7082BF7E624009BB92D /* Router.swift */; };
		9BA4D70B2BF7E811009BB92D /* MainViewController.swift in Sources */ = {isa = PBXBuildFile; fileRef = 9BA4D70A2BF7E811009BB92D /* MainViewController.swift */; };
		9BA4D70D2BF7EBC1009BB92D /* PhotoStruct.swift in Sources */ = {isa = PBXBuildFile; fileRef = 9BA4D70C2BF7EBC1009BB92D /* PhotoStruct.swift */; };
		9BA4D70F2BF7FA77009BB92D /* MainPresenter.swift in Sources */ = {isa = PBXBuildFile; fileRef = 9BA4D70E2BF7FA77009BB92D /* MainPresenter.swift */; };
		9BA4D7112BF7FC9F009BB92D /* NetworkManager.swift in Sources */ = {isa = PBXBuildFile; fileRef = 9BA4D7102BF7FC9F009BB92D /* NetworkManager.swift */; };
		9BA4D7132BF8001A009BB92D /* Constants.swift in Sources */ = {isa = PBXBuildFile; fileRef = 9BA4D7122BF8001A009BB92D /* Constants.swift */; };
		9BE295CF2C0385390065CA36 /* MainViewModelContent.swift in Sources */ = {isa = PBXBuildFile; fileRef = 9BE295CE2C0385390065CA36 /* MainViewModelContent.swift */; };
		9BE295D12C038D7C0065CA36 /* PhotoCollectionViewCell.swift in Sources */ = {isa = PBXBuildFile; fileRef = 9BE295D02C038D7C0065CA36 /* PhotoCollectionViewCell.swift */; };
/* End PBXBuildFile section */

/* Begin PBXContainerItemProxy section */
		9BA4D6E22BF7E00F009BB92D /* PBXContainerItemProxy */ = {
			isa = PBXContainerItemProxy;
			containerPortal = 9BA4D6C32BF7E00E009BB92D /* Project object */;
			proxyType = 1;
			remoteGlobalIDString = 9BA4D6CA2BF7E00E009BB92D;
			remoteInfo = UnsplashPhotoApp;
		};
		9BA4D6EC2BF7E00F009BB92D /* PBXContainerItemProxy */ = {
			isa = PBXContainerItemProxy;
			containerPortal = 9BA4D6C32BF7E00E009BB92D /* Project object */;
			proxyType = 1;
			remoteGlobalIDString = 9BA4D6CA2BF7E00E009BB92D;
			remoteInfo = UnsplashPhotoApp;
		};
/* End PBXContainerItemProxy section */

/* Begin PBXCopyFilesBuildPhase section */
		9B1DB2AF2C02B0230003C22E /* Embed Frameworks */ = {
			isa = PBXCopyFilesBuildPhase;
			buildActionMask = 2147483647;
			dstPath = "";
			dstSubfolderSpec = 10;
			files = (
				9B56626A2C03560E0068C273 /* Swinject-Dynamic in Embed Frameworks */,
			);
			name = "Embed Frameworks";
			runOnlyForDeploymentPostprocessing = 0;
		};
/* End PBXCopyFilesBuildPhase section */

/* Begin PBXFileReference section */
		9B12DF862C02573C0002B6B0 /* MainContainer.swift */ = {isa = PBXFileReference; lastKnownFileType = sourcecode.swift; path = MainContainer.swift; sourceTree = "<group>"; };
		9B12DF882C0282740002B6B0 /* DetailModuleAssemblerProtocol.swift */ = {isa = PBXFileReference; lastKnownFileType = sourcecode.swift; path = DetailModuleAssemblerProtocol.swift; sourceTree = "<group>"; };
		9B12DF8A2C02865B0002B6B0 /* PhotoRepository.swift */ = {isa = PBXFileReference; lastKnownFileType = sourcecode.swift; path = PhotoRepository.swift; sourceTree = "<group>"; };
		9B12DF8C2C0286AC0002B6B0 /* RemoteDataSource.swift */ = {isa = PBXFileReference; lastKnownFileType = sourcecode.swift; path = RemoteDataSource.swift; sourceTree = "<group>"; };
		9B12DF8E2C02881C0002B6B0 /* LocalDataSource.swift */ = {isa = PBXFileReference; lastKnownFileType = sourcecode.swift; path = LocalDataSource.swift; sourceTree = "<group>"; };
		9B12DF902C02A2330002B6B0 /* Storage.swift */ = {isa = PBXFileReference; lastKnownFileType = sourcecode.swift; path = Storage.swift; sourceTree = "<group>"; };
		9B12DF922C02A6C70002B6B0 /* PhotoDTO.swift */ = {isa = PBXFileReference; lastKnownFileType = sourcecode.swift; path = PhotoDTO.swift; sourceTree = "<group>"; };
		9B1DB2A92C02AE060003C22E /* PhotoTableViewCellModel.swift */ = {isa = PBXFileReference; lastKnownFileType = sourcecode.swift; path = PhotoTableViewCellModel.swift; sourceTree = "<group>"; };
		9B5662652C0346FE0068C273 /* DetailViewModel.swift */ = {isa = PBXFileReference; lastKnownFileType = sourcecode.swift; path = DetailViewModel.swift; sourceTree = "<group>"; };
		9B87FE292BFD0947008E6290 /* DetailViewController.swift */ = {isa = PBXFileReference; lastKnownFileType = sourcecode.swift; path = DetailViewController.swift; sourceTree = "<group>"; };
		9B87FE2B2BFD0B8B008E6290 /* DetailPresenter.swift */ = {isa = PBXFileReference; lastKnownFileType = sourcecode.swift; path = DetailPresenter.swift; sourceTree = "<group>"; };
		9BA4D6CB2BF7E00E009BB92D /* UnsplashPhotoApp.app */ = {isa = PBXFileReference; explicitFileType = wrapper.application; includeInIndex = 0; path = UnsplashPhotoApp.app; sourceTree = BUILT_PRODUCTS_DIR; };
		9BA4D6CE2BF7E00E009BB92D /* AppDelegate.swift */ = {isa = PBXFileReference; lastKnownFileType = sourcecode.swift; path = AppDelegate.swift; sourceTree = "<group>"; };
		9BA4D6D02BF7E00E009BB92D /* SceneDelegate.swift */ = {isa = PBXFileReference; lastKnownFileType = sourcecode.swift; path = SceneDelegate.swift; sourceTree = "<group>"; };
		9BA4D6D72BF7E00F009BB92D /* Assets.xcassets */ = {isa = PBXFileReference; lastKnownFileType = folder.assetcatalog; path = Assets.xcassets; sourceTree = "<group>"; };
		9BA4D6DA2BF7E00F009BB92D /* Base */ = {isa = PBXFileReference; lastKnownFileType = file.storyboard; name = Base; path = Base.lproj/LaunchScreen.storyboard; sourceTree = "<group>"; };
		9BA4D6DC2BF7E00F009BB92D /* Info.plist */ = {isa = PBXFileReference; lastKnownFileType = text.plist.xml; path = Info.plist; sourceTree = "<group>"; };
		9BA4D6E12BF7E00F009BB92D /* UnsplashPhotoAppTests.xctest */ = {isa = PBXFileReference; explicitFileType = wrapper.cfbundle; includeInIndex = 0; path = UnsplashPhotoAppTests.xctest; sourceTree = BUILT_PRODUCTS_DIR; };
		9BA4D6EB2BF7E00F009BB92D /* UnsplashPhotoAppUITests.xctest */ = {isa = PBXFileReference; explicitFileType = wrapper.cfbundle; includeInIndex = 0; path = UnsplashPhotoAppUITests.xctest; sourceTree = BUILT_PRODUCTS_DIR; };
		9BA4D7062BF7E5A2009BB92D /* MainModuleAssembler.swift */ = {isa = PBXFileReference; lastKnownFileType = sourcecode.swift; path = MainModuleAssembler.swift; sourceTree = "<group>"; };
		9BA4D7082BF7E624009BB92D /* Router.swift */ = {isa = PBXFileReference; lastKnownFileType = sourcecode.swift; path = Router.swift; sourceTree = "<group>"; };
		9BA4D70A2BF7E811009BB92D /* MainViewController.swift */ = {isa = PBXFileReference; lastKnownFileType = sourcecode.swift; path = MainViewController.swift; sourceTree = "<group>"; };
		9BA4D70C2BF7EBC1009BB92D /* PhotoStruct.swift */ = {isa = PBXFileReference; lastKnownFileType = sourcecode.swift; path = PhotoStruct.swift; sourceTree = "<group>"; };
		9BA4D70E2BF7FA77009BB92D /* MainPresenter.swift */ = {isa = PBXFileReference; lastKnownFileType = sourcecode.swift; path = MainPresenter.swift; sourceTree = "<group>"; };
		9BA4D7102BF7FC9F009BB92D /* NetworkManager.swift */ = {isa = PBXFileReference; lastKnownFileType = sourcecode.swift; path = NetworkManager.swift; sourceTree = "<group>"; };
		9BA4D7122BF8001A009BB92D /* Constants.swift */ = {isa = PBXFileReference; lastKnownFileType = sourcecode.swift; path = Constants.swift; sourceTree = "<group>"; };
		9BE295CE2C0385390065CA36 /* MainViewModelContent.swift */ = {isa = PBXFileReference; lastKnownFileType = sourcecode.swift; path = MainViewModelContent.swift; sourceTree = "<group>"; };
		9BE295D02C038D7C0065CA36 /* PhotoCollectionViewCell.swift */ = {isa = PBXFileReference; lastKnownFileType = sourcecode.swift; path = PhotoCollectionViewCell.swift; sourceTree = "<group>"; };
/* End PBXFileReference section */

/* Begin PBXFrameworksBuildPhase section */
		9BA4D6C82BF7E00E009BB92D /* Frameworks */ = {
			isa = PBXFrameworksBuildPhase;
			buildActionMask = 2147483647;
			files = (
				9B5662692C03560E0068C273 /* Swinject-Dynamic in Frameworks */,
				9B87FE282BFCE85B008E6290 /* Kingfisher in Frameworks */,
				9B1DB2B62C02B2960003C22E /* Swinject in Frameworks */,
			);
			runOnlyForDeploymentPostprocessing = 0;
		};
		9BA4D6DE2BF7E00F009BB92D /* Frameworks */ = {
			isa = PBXFrameworksBuildPhase;
			buildActionMask = 2147483647;
			files = (
			);
			runOnlyForDeploymentPostprocessing = 0;
		};
		9BA4D6E82BF7E00F009BB92D /* Frameworks */ = {
			isa = PBXFrameworksBuildPhase;
			buildActionMask = 2147483647;
			files = (
			);
			runOnlyForDeploymentPostprocessing = 0;
		};
/* End PBXFrameworksBuildPhase section */

/* Begin PBXGroup section */
		9B1DB2AB2C02B0230003C22E /* Frameworks */ = {
			isa = PBXGroup;
			children = (
			);
			name = Frameworks;
			sourceTree = "<group>";
		};
		9B5662642C0346F00068C273 /* Model */ = {
			isa = PBXGroup;
			children = (
				9B5662652C0346FE0068C273 /* DetailViewModel.swift */,
			);
			path = Model;
			sourceTree = "<group>";
		};
		9BA4D6C22BF7E00E009BB92D = {
			isa = PBXGroup;
			children = (
				9BA4D6CD2BF7E00E009BB92D /* UnsplashPhotoApp */,
				9BA4D6CC2BF7E00E009BB92D /* Products */,
				9B1DB2AB2C02B0230003C22E /* Frameworks */,
			);
			sourceTree = "<group>";
		};
		9BA4D6CC2BF7E00E009BB92D /* Products */ = {
			isa = PBXGroup;
			children = (
				9BA4D6CB2BF7E00E009BB92D /* UnsplashPhotoApp.app */,
				9BA4D6E12BF7E00F009BB92D /* UnsplashPhotoAppTests.xctest */,
				9BA4D6EB2BF7E00F009BB92D /* UnsplashPhotoAppUITests.xctest */,
			);
			name = Products;
			sourceTree = "<group>";
		};
		9BA4D6CD2BF7E00E009BB92D /* UnsplashPhotoApp */ = {
			isa = PBXGroup;
			children = (
				9BA4D6CE2BF7E00E009BB92D /* AppDelegate.swift */,
				9BA4D6D02BF7E00E009BB92D /* SceneDelegate.swift */,
				9B12DF862C02573C0002B6B0 /* MainContainer.swift */,
				9BA4D7082BF7E624009BB92D /* Router.swift */,
				9BA4D7002BF7E528009BB92D /* Service */,
				9BA4D6FE2BF7E4C8009BB92D /* MainModule */,
				9BA4D6FF2BF7E4D0009BB92D /* DetailModule */,
				9BA4D6D72BF7E00F009BB92D /* Assets.xcassets */,
				9BA4D6D92BF7E00F009BB92D /* LaunchScreen.storyboard */,
				9BA4D6DC2BF7E00F009BB92D /* Info.plist */,
				9BA4D7122BF8001A009BB92D /* Constants.swift */,
			);
			path = UnsplashPhotoApp;
			sourceTree = "<group>";
		};
		9BA4D6FE2BF7E4C8009BB92D /* MainModule */ = {
			isa = PBXGroup;
			children = (
				9BA4D7062BF7E5A2009BB92D /* MainModuleAssembler.swift */,
				9BA4D7032BF7E543009BB92D /* Presenter */,
				9BA4D7022BF7E53D009BB92D /* View */,
				9BA4D7012BF7E535009BB92D /* Model */,
			);
			path = MainModule;
			sourceTree = "<group>";
		};
		9BA4D6FF2BF7E4D0009BB92D /* DetailModule */ = {
			isa = PBXGroup;
			children = (
				9B12DF882C0282740002B6B0 /* DetailModuleAssemblerProtocol.swift */,
				9B5662642C0346F00068C273 /* Model */,
				9BA4D7052BF7E566009BB92D /* View */,
				9BA4D7042BF7E55E009BB92D /* Presenter */,
			);
			path = DetailModule;
			sourceTree = "<group>";
		};
		9BA4D7002BF7E528009BB92D /* Service */ = {
			isa = PBXGroup;
			children = (
				9B12DF8A2C02865B0002B6B0 /* PhotoRepository.swift */,
				9B12DF8C2C0286AC0002B6B0 /* RemoteDataSource.swift */,
				9BA4D7102BF7FC9F009BB92D /* NetworkManager.swift */,
				9B12DF8E2C02881C0002B6B0 /* LocalDataSource.swift */,
				9B12DF902C02A2330002B6B0 /* Storage.swift */,
			);
			path = Service;
			sourceTree = "<group>";
		};
		9BA4D7012BF7E535009BB92D /* Model */ = {
			isa = PBXGroup;
			children = (
				9BA4D70C2BF7EBC1009BB92D /* PhotoStruct.swift */,
				9B12DF922C02A6C70002B6B0 /* PhotoDTO.swift */,
				9B1DB2A92C02AE060003C22E /* PhotoTableViewCellModel.swift */,
				9BE295CE2C0385390065CA36 /* MainViewModelContent.swift */,
			);
			path = Model;
			sourceTree = "<group>";
		};
		9BA4D7022BF7E53D009BB92D /* View */ = {
			isa = PBXGroup;
			children = (
				9BA4D70A2BF7E811009BB92D /* MainViewController.swift */,
				9BE295D02C038D7C0065CA36 /* PhotoCollectionViewCell.swift */,
			);
			path = View;
			sourceTree = "<group>";
		};
		9BA4D7032BF7E543009BB92D /* Presenter */ = {
			isa = PBXGroup;
			children = (
				9BA4D70E2BF7FA77009BB92D /* MainPresenter.swift */,
			);
			path = Presenter;
			sourceTree = "<group>";
		};
		9BA4D7042BF7E55E009BB92D /* Presenter */ = {
			isa = PBXGroup;
			children = (
				9B87FE2B2BFD0B8B008E6290 /* DetailPresenter.swift */,
			);
			path = Presenter;
			sourceTree = "<group>";
		};
		9BA4D7052BF7E566009BB92D /* View */ = {
			isa = PBXGroup;
			children = (
				9B87FE292BFD0947008E6290 /* DetailViewController.swift */,
			);
			path = View;
			sourceTree = "<group>";
		};
/* End PBXGroup section */

/* Begin PBXNativeTarget section */
		9BA4D6CA2BF7E00E009BB92D /* UnsplashPhotoApp */ = {
			isa = PBXNativeTarget;
			buildConfigurationList = 9BA4D6F52BF7E00F009BB92D /* Build configuration list for PBXNativeTarget "UnsplashPhotoApp" */;
			buildPhases = (
				9BA4D6C72BF7E00E009BB92D /* Sources */,
				9BA4D6C82BF7E00E009BB92D /* Frameworks */,
				9BA4D6C92BF7E00E009BB92D /* Resources */,
				9B1DB2AF2C02B0230003C22E /* Embed Frameworks */,
			);
			buildRules = (
			);
			dependencies = (
			);
			name = UnsplashPhotoApp;
			packageProductDependencies = (
				9B87FE272BFCE85B008E6290 /* Kingfisher */,
				9B1DB2B52C02B2960003C22E /* Swinject */,
				9B5662682C03560E0068C273 /* Swinject-Dynamic */,
			);
			productName = UnsplashPhotoApp;
			productReference = 9BA4D6CB2BF7E00E009BB92D /* UnsplashPhotoApp.app */;
			productType = "com.apple.product-type.application";
		};
		9BA4D6E02BF7E00F009BB92D /* UnsplashPhotoAppTests */ = {
			isa = PBXNativeTarget;
			buildConfigurationList = 9BA4D6F82BF7E00F009BB92D /* Build configuration list for PBXNativeTarget "UnsplashPhotoAppTests" */;
			buildPhases = (
				9BA4D6DD2BF7E00F009BB92D /* Sources */,
				9BA4D6DE2BF7E00F009BB92D /* Frameworks */,
				9BA4D6DF2BF7E00F009BB92D /* Resources */,
			);
			buildRules = (
			);
			dependencies = (
				9BA4D6E32BF7E00F009BB92D /* PBXTargetDependency */,
			);
			name = UnsplashPhotoAppTests;
			productName = UnsplashPhotoAppTests;
			productReference = 9BA4D6E12BF7E00F009BB92D /* UnsplashPhotoAppTests.xctest */;
			productType = "com.apple.product-type.bundle.unit-test";
		};
		9BA4D6EA2BF7E00F009BB92D /* UnsplashPhotoAppUITests */ = {
			isa = PBXNativeTarget;
			buildConfigurationList = 9BA4D6FB2BF7E00F009BB92D /* Build configuration list for PBXNativeTarget "UnsplashPhotoAppUITests" */;
			buildPhases = (
				9BA4D6E72BF7E00F009BB92D /* Sources */,
				9BA4D6E82BF7E00F009BB92D /* Frameworks */,
				9BA4D6E92BF7E00F009BB92D /* Resources */,
			);
			buildRules = (
			);
			dependencies = (
				9BA4D6ED2BF7E00F009BB92D /* PBXTargetDependency */,
			);
			name = UnsplashPhotoAppUITests;
			productName = UnsplashPhotoAppUITests;
			productReference = 9BA4D6EB2BF7E00F009BB92D /* UnsplashPhotoAppUITests.xctest */;
			productType = "com.apple.product-type.bundle.ui-testing";
		};
/* End PBXNativeTarget section */

/* Begin PBXProject section */
		9BA4D6C32BF7E00E009BB92D /* Project object */ = {
			isa = PBXProject;
			attributes = {
				BuildIndependentTargetsInParallel = 1;
				LastSwiftUpdateCheck = 1530;
				LastUpgradeCheck = 1530;
				TargetAttributes = {
					9BA4D6CA2BF7E00E009BB92D = {
						CreatedOnToolsVersion = 15.3;
					};
					9BA4D6E02BF7E00F009BB92D = {
						CreatedOnToolsVersion = 15.3;
						TestTargetID = 9BA4D6CA2BF7E00E009BB92D;
					};
					9BA4D6EA2BF7E00F009BB92D = {
						CreatedOnToolsVersion = 15.3;
						TestTargetID = 9BA4D6CA2BF7E00E009BB92D;
					};
				};
			};
			buildConfigurationList = 9BA4D6C62BF7E00E009BB92D /* Build configuration list for PBXProject "UnsplashPhotoApp" */;
			compatibilityVersion = "Xcode 14.0";
			developmentRegion = en;
			hasScannedForEncodings = 0;
			knownRegions = (
				en,
				Base,
			);
			mainGroup = 9BA4D6C22BF7E00E009BB92D;
			packageReferences = (
				9B87FE262BFCE85B008E6290 /* XCRemoteSwiftPackageReference "Kingfisher" */,
				9B12DF812C0238050002B6B0 /* XCRemoteSwiftPackageReference "Swinject" */,
			);
			productRefGroup = 9BA4D6CC2BF7E00E009BB92D /* Products */;
			projectDirPath = "";
			projectRoot = "";
			targets = (
				9BA4D6CA2BF7E00E009BB92D /* UnsplashPhotoApp */,
				9BA4D6E02BF7E00F009BB92D /* UnsplashPhotoAppTests */,
				9BA4D6EA2BF7E00F009BB92D /* UnsplashPhotoAppUITests */,
			);
		};
/* End PBXProject section */

/* Begin PBXResourcesBuildPhase section */
		9BA4D6C92BF7E00E009BB92D /* Resources */ = {
			isa = PBXResourcesBuildPhase;
			buildActionMask = 2147483647;
			files = (
				9BA4D6D82BF7E00F009BB92D /* Assets.xcassets in Resources */,
				9BA4D6DB2BF7E00F009BB92D /* Base in Resources */,
			);
			runOnlyForDeploymentPostprocessing = 0;
		};
		9BA4D6DF2BF7E00F009BB92D /* Resources */ = {
			isa = PBXResourcesBuildPhase;
			buildActionMask = 2147483647;
			files = (
			);
			runOnlyForDeploymentPostprocessing = 0;
		};
		9BA4D6E92BF7E00F009BB92D /* Resources */ = {
			isa = PBXResourcesBuildPhase;
			buildActionMask = 2147483647;
			files = (
			);
			runOnlyForDeploymentPostprocessing = 0;
		};
/* End PBXResourcesBuildPhase section */

/* Begin PBXSourcesBuildPhase section */
		9BA4D6C72BF7E00E009BB92D /* Sources */ = {
			isa = PBXSourcesBuildPhase;
			buildActionMask = 2147483647;
			files = (
				9B87FE2A2BFD0947008E6290 /* DetailViewController.swift in Sources */,
				9B12DF8B2C02865B0002B6B0 /* PhotoRepository.swift in Sources */,
				9BA4D70D2BF7EBC1009BB92D /* PhotoStruct.swift in Sources */,
				9BA4D7092BF7E624009BB92D /* Router.swift in Sources */,
				9B12DF912C02A2330002B6B0 /* Storage.swift in Sources */,
				9BA4D6CF2BF7E00E009BB92D /* AppDelegate.swift in Sources */,
				9BA4D6D12BF7E00E009BB92D /* SceneDelegate.swift in Sources */,
				9B12DF932C02A6C70002B6B0 /* PhotoDTO.swift in Sources */,
				9BE295D12C038D7C0065CA36 /* PhotoCollectionViewCell.swift in Sources */,
				9B12DF872C02573C0002B6B0 /* MainContainer.swift in Sources */,
				9B12DF8F2C02881C0002B6B0 /* LocalDataSource.swift in Sources */,
				9BE295CF2C0385390065CA36 /* MainViewModelContent.swift in Sources */,
				9B12DF8D2C0286AC0002B6B0 /* RemoteDataSource.swift in Sources */,
				9BA4D7112BF7FC9F009BB92D /* NetworkManager.swift in Sources */,
				9BA4D7072BF7E5A2009BB92D /* MainModuleAssembler.swift in Sources */,
				9BA4D70F2BF7FA77009BB92D /* MainPresenter.swift in Sources */,
				9BA4D70B2BF7E811009BB92D /* MainViewController.swift in Sources */,
				9B5662662C0346FE0068C273 /* DetailViewModel.swift in Sources */,
				9BA4D7132BF8001A009BB92D /* Constants.swift in Sources */,
				9B87FE2C2BFD0B8B008E6290 /* DetailPresenter.swift in Sources */,
				9B1DB2AA2C02AE060003C22E /* PhotoTableViewCellModel.swift in Sources */,
				9B12DF892C0282740002B6B0 /* DetailModuleAssemblerProtocol.swift in Sources */,
			);
			runOnlyForDeploymentPostprocessing = 0;
		};
		9BA4D6DD2BF7E00F009BB92D /* Sources */ = {
			isa = PBXSourcesBuildPhase;
			buildActionMask = 2147483647;
			files = (
			);
			runOnlyForDeploymentPostprocessing = 0;
		};
		9BA4D6E72BF7E00F009BB92D /* Sources */ = {
			isa = PBXSourcesBuildPhase;
			buildActionMask = 2147483647;
			files = (
			);
			runOnlyForDeploymentPostprocessing = 0;
		};
/* End PBXSourcesBuildPhase section */

/* Begin PBXTargetDependency section */
		9BA4D6E32BF7E00F009BB92D /* PBXTargetDependency */ = {
			isa = PBXTargetDependency;
			target = 9BA4D6CA2BF7E00E009BB92D /* UnsplashPhotoApp */;
			targetProxy = 9BA4D6E22BF7E00F009BB92D /* PBXContainerItemProxy */;
		};
		9BA4D6ED2BF7E00F009BB92D /* PBXTargetDependency */ = {
			isa = PBXTargetDependency;
			target = 9BA4D6CA2BF7E00E009BB92D /* UnsplashPhotoApp */;
			targetProxy = 9BA4D6EC2BF7E00F009BB92D /* PBXContainerItemProxy */;
		};
/* End PBXTargetDependency section */

/* Begin PBXVariantGroup section */
		9BA4D6D92BF7E00F009BB92D /* LaunchScreen.storyboard */ = {
			isa = PBXVariantGroup;
			children = (
				9BA4D6DA2BF7E00F009BB92D /* Base */,
			);
			name = LaunchScreen.storyboard;
			sourceTree = "<group>";
		};
/* End PBXVariantGroup section */

/* Begin XCBuildConfiguration section */
		9BA4D6F32BF7E00F009BB92D /* Debug */ = {
			isa = XCBuildConfiguration;
			buildSettings = {
				ALWAYS_SEARCH_USER_PATHS = NO;
				ASSETCATALOG_COMPILER_GENERATE_SWIFT_ASSET_SYMBOL_EXTENSIONS = YES;
				CLANG_ANALYZER_NONNULL = YES;
				CLANG_ANALYZER_NUMBER_OBJECT_CONVERSION = YES_AGGRESSIVE;
				CLANG_CXX_LANGUAGE_STANDARD = "gnu++20";
				CLANG_ENABLE_MODULES = YES;
				CLANG_ENABLE_OBJC_ARC = YES;
				CLANG_ENABLE_OBJC_WEAK = YES;
				CLANG_WARN_BLOCK_CAPTURE_AUTORELEASING = YES;
				CLANG_WARN_BOOL_CONVERSION = YES;
				CLANG_WARN_COMMA = YES;
				CLANG_WARN_CONSTANT_CONVERSION = YES;
				CLANG_WARN_DEPRECATED_OBJC_IMPLEMENTATIONS = YES;
				CLANG_WARN_DIRECT_OBJC_ISA_USAGE = YES_ERROR;
				CLANG_WARN_DOCUMENTATION_COMMENTS = YES;
				CLANG_WARN_EMPTY_BODY = YES;
				CLANG_WARN_ENUM_CONVERSION = YES;
				CLANG_WARN_INFINITE_RECURSION = YES;
				CLANG_WARN_INT_CONVERSION = YES;
				CLANG_WARN_NON_LITERAL_NULL_CONVERSION = YES;
				CLANG_WARN_OBJC_IMPLICIT_RETAIN_SELF = YES;
				CLANG_WARN_OBJC_LITERAL_CONVERSION = YES;
				CLANG_WARN_OBJC_ROOT_CLASS = YES_ERROR;
				CLANG_WARN_QUOTED_INCLUDE_IN_FRAMEWORK_HEADER = YES;
				CLANG_WARN_RANGE_LOOP_ANALYSIS = YES;
				CLANG_WARN_STRICT_PROTOTYPES = YES;
				CLANG_WARN_SUSPICIOUS_MOVE = YES;
				CLANG_WARN_UNGUARDED_AVAILABILITY = YES_AGGRESSIVE;
				CLANG_WARN_UNREACHABLE_CODE = YES;
				CLANG_WARN__DUPLICATE_METHOD_MATCH = YES;
				COPY_PHASE_STRIP = NO;
				DEBUG_INFORMATION_FORMAT = dwarf;
				ENABLE_STRICT_OBJC_MSGSEND = YES;
				ENABLE_TESTABILITY = YES;
				ENABLE_USER_SCRIPT_SANDBOXING = YES;
				GCC_C_LANGUAGE_STANDARD = gnu17;
				GCC_DYNAMIC_NO_PIC = NO;
				GCC_NO_COMMON_BLOCKS = YES;
				GCC_OPTIMIZATION_LEVEL = 0;
				GCC_PREPROCESSOR_DEFINITIONS = (
					"DEBUG=1",
					"$(inherited)",
				);
				GCC_WARN_64_TO_32_BIT_CONVERSION = YES;
				GCC_WARN_ABOUT_RETURN_TYPE = YES_ERROR;
				GCC_WARN_UNDECLARED_SELECTOR = YES;
				GCC_WARN_UNINITIALIZED_AUTOS = YES_AGGRESSIVE;
				GCC_WARN_UNUSED_FUNCTION = YES;
				GCC_WARN_UNUSED_VARIABLE = YES;
				IPHONEOS_DEPLOYMENT_TARGET = 17.4;
				LOCALIZATION_PREFERS_STRING_CATALOGS = YES;
				MTL_ENABLE_DEBUG_INFO = INCLUDE_SOURCE;
				MTL_FAST_MATH = YES;
				ONLY_ACTIVE_ARCH = YES;
				SDKROOT = iphoneos;
				SWIFT_ACTIVE_COMPILATION_CONDITIONS = "DEBUG $(inherited)";
				SWIFT_OPTIMIZATION_LEVEL = "-Onone";
			};
			name = Debug;
		};
		9BA4D6F42BF7E00F009BB92D /* Release */ = {
			isa = XCBuildConfiguration;
			buildSettings = {
				ALWAYS_SEARCH_USER_PATHS = NO;
				ASSETCATALOG_COMPILER_GENERATE_SWIFT_ASSET_SYMBOL_EXTENSIONS = YES;
				CLANG_ANALYZER_NONNULL = YES;
				CLANG_ANALYZER_NUMBER_OBJECT_CONVERSION = YES_AGGRESSIVE;
				CLANG_CXX_LANGUAGE_STANDARD = "gnu++20";
				CLANG_ENABLE_MODULES = YES;
				CLANG_ENABLE_OBJC_ARC = YES;
				CLANG_ENABLE_OBJC_WEAK = YES;
				CLANG_WARN_BLOCK_CAPTURE_AUTORELEASING = YES;
				CLANG_WARN_BOOL_CONVERSION = YES;
				CLANG_WARN_COMMA = YES;
				CLANG_WARN_CONSTANT_CONVERSION = YES;
				CLANG_WARN_DEPRECATED_OBJC_IMPLEMENTATIONS = YES;
				CLANG_WARN_DIRECT_OBJC_ISA_USAGE = YES_ERROR;
				CLANG_WARN_DOCUMENTATION_COMMENTS = YES;
				CLANG_WARN_EMPTY_BODY = YES;
				CLANG_WARN_ENUM_CONVERSION = YES;
				CLANG_WARN_INFINITE_RECURSION = YES;
				CLANG_WARN_INT_CONVERSION = YES;
				CLANG_WARN_NON_LITERAL_NULL_CONVERSION = YES;
				CLANG_WARN_OBJC_IMPLICIT_RETAIN_SELF = YES;
				CLANG_WARN_OBJC_LITERAL_CONVERSION = YES;
				CLANG_WARN_OBJC_ROOT_CLASS = YES_ERROR;
				CLANG_WARN_QUOTED_INCLUDE_IN_FRAMEWORK_HEADER = YES;
				CLANG_WARN_RANGE_LOOP_ANALYSIS = YES;
				CLANG_WARN_STRICT_PROTOTYPES = YES;
				CLANG_WARN_SUSPICIOUS_MOVE = YES;
				CLANG_WARN_UNGUARDED_AVAILABILITY = YES_AGGRESSIVE;
				CLANG_WARN_UNREACHABLE_CODE = YES;
				CLANG_WARN__DUPLICATE_METHOD_MATCH = YES;
				COPY_PHASE_STRIP = NO;
				DEBUG_INFORMATION_FORMAT = "dwarf-with-dsym";
				ENABLE_NS_ASSERTIONS = NO;
				ENABLE_STRICT_OBJC_MSGSEND = YES;
				ENABLE_USER_SCRIPT_SANDBOXING = YES;
				GCC_C_LANGUAGE_STANDARD = gnu17;
				GCC_NO_COMMON_BLOCKS = YES;
				GCC_WARN_64_TO_32_BIT_CONVERSION = YES;
				GCC_WARN_ABOUT_RETURN_TYPE = YES_ERROR;
				GCC_WARN_UNDECLARED_SELECTOR = YES;
				GCC_WARN_UNINITIALIZED_AUTOS = YES_AGGRESSIVE;
				GCC_WARN_UNUSED_FUNCTION = YES;
				GCC_WARN_UNUSED_VARIABLE = YES;
				IPHONEOS_DEPLOYMENT_TARGET = 17.4;
				LOCALIZATION_PREFERS_STRING_CATALOGS = YES;
				MTL_ENABLE_DEBUG_INFO = NO;
				MTL_FAST_MATH = YES;
				SDKROOT = iphoneos;
				SWIFT_COMPILATION_MODE = wholemodule;
				VALIDATE_PRODUCT = YES;
			};
			name = Release;
		};
		9BA4D6F62BF7E00F009BB92D /* Debug */ = {
			isa = XCBuildConfiguration;
			buildSettings = {
				ASSETCATALOG_COMPILER_APPICON_NAME = AppIcon;
				ASSETCATALOG_COMPILER_GLOBAL_ACCENT_COLOR_NAME = AccentColor;
				CODE_SIGN_STYLE = Automatic;
				CURRENT_PROJECT_VERSION = 1;
				DEVELOPMENT_TEAM = 48RQF7575J;
				GENERATE_INFOPLIST_FILE = YES;
				INFOPLIST_FILE = UnsplashPhotoApp/Info.plist;
				INFOPLIST_KEY_UIApplicationSupportsIndirectInputEvents = YES;
				INFOPLIST_KEY_UILaunchStoryboardName = LaunchScreen;
				INFOPLIST_KEY_UISupportedInterfaceOrientations_iPad = "UIInterfaceOrientationPortrait UIInterfaceOrientationPortraitUpsideDown UIInterfaceOrientationLandscapeLeft UIInterfaceOrientationLandscapeRight";
				INFOPLIST_KEY_UISupportedInterfaceOrientations_iPhone = "UIInterfaceOrientationPortrait UIInterfaceOrientationLandscapeLeft UIInterfaceOrientationLandscapeRight";
				LD_RUNPATH_SEARCH_PATHS = (
					"$(inherited)",
					"@executable_path/Frameworks",
				);
				MARKETING_VERSION = 1.0;
				PRODUCT_BUNDLE_IDENTIFIER = com.illi.UnsplashPhotoApp;
				PRODUCT_NAME = "$(TARGET_NAME)";
				SWIFT_EMIT_LOC_STRINGS = YES;
				SWIFT_VERSION = 5.0;
				TARGETED_DEVICE_FAMILY = "1,2";
			};
			name = Debug;
		};
		9BA4D6F72BF7E00F009BB92D /* Release */ = {
			isa = XCBuildConfiguration;
			buildSettings = {
				ASSETCATALOG_COMPILER_APPICON_NAME = AppIcon;
				ASSETCATALOG_COMPILER_GLOBAL_ACCENT_COLOR_NAME = AccentColor;
				CODE_SIGN_STYLE = Automatic;
				CURRENT_PROJECT_VERSION = 1;
				DEVELOPMENT_TEAM = 48RQF7575J;
				GENERATE_INFOPLIST_FILE = YES;
				INFOPLIST_FILE = UnsplashPhotoApp/Info.plist;
				INFOPLIST_KEY_UIApplicationSupportsIndirectInputEvents = YES;
				INFOPLIST_KEY_UILaunchStoryboardName = LaunchScreen;
				INFOPLIST_KEY_UISupportedInterfaceOrientations_iPad = "UIInterfaceOrientationPortrait UIInterfaceOrientationPortraitUpsideDown UIInterfaceOrientationLandscapeLeft UIInterfaceOrientationLandscapeRight";
				INFOPLIST_KEY_UISupportedInterfaceOrientations_iPhone = "UIInterfaceOrientationPortrait UIInterfaceOrientationLandscapeLeft UIInterfaceOrientationLandscapeRight";
				LD_RUNPATH_SEARCH_PATHS = (
					"$(inherited)",
					"@executable_path/Frameworks",
				);
				MARKETING_VERSION = 1.0;
				PRODUCT_BUNDLE_IDENTIFIER = com.illi.UnsplashPhotoApp;
				PRODUCT_NAME = "$(TARGET_NAME)";
				SWIFT_EMIT_LOC_STRINGS = YES;
				SWIFT_VERSION = 5.0;
				TARGETED_DEVICE_FAMILY = "1,2";
			};
			name = Release;
		};
		9BA4D6F92BF7E00F009BB92D /* Debug */ = {
			isa = XCBuildConfiguration;
			buildSettings = {
				ALWAYS_EMBED_SWIFT_STANDARD_LIBRARIES = YES;
				BUNDLE_LOADER = "$(TEST_HOST)";
				CODE_SIGN_STYLE = Automatic;
				CURRENT_PROJECT_VERSION = 1;
				DEVELOPMENT_TEAM = 48RQF7575J;
				GENERATE_INFOPLIST_FILE = YES;
				IPHONEOS_DEPLOYMENT_TARGET = 17.4;
				MARKETING_VERSION = 1.0;
				PRODUCT_BUNDLE_IDENTIFIER = com.illi.UnsplashPhotoAppTests;
				PRODUCT_NAME = "$(TARGET_NAME)";
				SWIFT_EMIT_LOC_STRINGS = NO;
				SWIFT_VERSION = 5.0;
				TARGETED_DEVICE_FAMILY = "1,2";
				TEST_HOST = "$(BUILT_PRODUCTS_DIR)/UnsplashPhotoApp.app/$(BUNDLE_EXECUTABLE_FOLDER_PATH)/UnsplashPhotoApp";
			};
			name = Debug;
		};
		9BA4D6FA2BF7E00F009BB92D /* Release */ = {
			isa = XCBuildConfiguration;
			buildSettings = {
				ALWAYS_EMBED_SWIFT_STANDARD_LIBRARIES = YES;
				BUNDLE_LOADER = "$(TEST_HOST)";
				CODE_SIGN_STYLE = Automatic;
				CURRENT_PROJECT_VERSION = 1;
				DEVELOPMENT_TEAM = 48RQF7575J;
				GENERATE_INFOPLIST_FILE = YES;
				IPHONEOS_DEPLOYMENT_TARGET = 17.4;
				MARKETING_VERSION = 1.0;
				PRODUCT_BUNDLE_IDENTIFIER = com.illi.UnsplashPhotoAppTests;
				PRODUCT_NAME = "$(TARGET_NAME)";
				SWIFT_EMIT_LOC_STRINGS = NO;
				SWIFT_VERSION = 5.0;
				TARGETED_DEVICE_FAMILY = "1,2";
				TEST_HOST = "$(BUILT_PRODUCTS_DIR)/UnsplashPhotoApp.app/$(BUNDLE_EXECUTABLE_FOLDER_PATH)/UnsplashPhotoApp";
			};
			name = Release;
		};
		9BA4D6FC2BF7E00F009BB92D /* Debug */ = {
			isa = XCBuildConfiguration;
			buildSettings = {
				ALWAYS_EMBED_SWIFT_STANDARD_LIBRARIES = YES;
				CODE_SIGN_STYLE = Automatic;
				CURRENT_PROJECT_VERSION = 1;
				DEVELOPMENT_TEAM = 48RQF7575J;
				GENERATE_INFOPLIST_FILE = YES;
				MARKETING_VERSION = 1.0;
				PRODUCT_BUNDLE_IDENTIFIER = com.illi.UnsplashPhotoAppUITests;
				PRODUCT_NAME = "$(TARGET_NAME)";
				SWIFT_EMIT_LOC_STRINGS = NO;
				SWIFT_VERSION = 5.0;
				TARGETED_DEVICE_FAMILY = "1,2";
				TEST_TARGET_NAME = UnsplashPhotoApp;
			};
			name = Debug;
		};
		9BA4D6FD2BF7E00F009BB92D /* Release */ = {
			isa = XCBuildConfiguration;
			buildSettings = {
				ALWAYS_EMBED_SWIFT_STANDARD_LIBRARIES = YES;
				CODE_SIGN_STYLE = Automatic;
				CURRENT_PROJECT_VERSION = 1;
				DEVELOPMENT_TEAM = 48RQF7575J;
				GENERATE_INFOPLIST_FILE = YES;
				MARKETING_VERSION = 1.0;
				PRODUCT_BUNDLE_IDENTIFIER = com.illi.UnsplashPhotoAppUITests;
				PRODUCT_NAME = "$(TARGET_NAME)";
				SWIFT_EMIT_LOC_STRINGS = NO;
				SWIFT_VERSION = 5.0;
				TARGETED_DEVICE_FAMILY = "1,2";
				TEST_TARGET_NAME = UnsplashPhotoApp;
			};
			name = Release;
		};
/* End XCBuildConfiguration section */

/* Begin XCConfigurationList section */
		9BA4D6C62BF7E00E009BB92D /* Build configuration list for PBXProject "UnsplashPhotoApp" */ = {
			isa = XCConfigurationList;
			buildConfigurations = (
				9BA4D6F32BF7E00F009BB92D /* Debug */,
				9BA4D6F42BF7E00F009BB92D /* Release */,
			);
			defaultConfigurationIsVisible = 0;
			defaultConfigurationName = Release;
		};
		9BA4D6F52BF7E00F009BB92D /* Build configuration list for PBXNativeTarget "UnsplashPhotoApp" */ = {
			isa = XCConfigurationList;
			buildConfigurations = (
				9BA4D6F62BF7E00F009BB92D /* Debug */,
				9BA4D6F72BF7E00F009BB92D /* Release */,
			);
			defaultConfigurationIsVisible = 0;
			defaultConfigurationName = Release;
		};
		9BA4D6F82BF7E00F009BB92D /* Build configuration list for PBXNativeTarget "UnsplashPhotoAppTests" */ = {
			isa = XCConfigurationList;
			buildConfigurations = (
				9BA4D6F92BF7E00F009BB92D /* Debug */,
				9BA4D6FA2BF7E00F009BB92D /* Release */,
			);
			defaultConfigurationIsVisible = 0;
			defaultConfigurationName = Release;
		};
		9BA4D6FB2BF7E00F009BB92D /* Build configuration list for PBXNativeTarget "UnsplashPhotoAppUITests" */ = {
			isa = XCConfigurationList;
			buildConfigurations = (
				9BA4D6FC2BF7E00F009BB92D /* Debug */,
				9BA4D6FD2BF7E00F009BB92D /* Release */,
			);
			defaultConfigurationIsVisible = 0;
			defaultConfigurationName = Release;
		};
/* End XCConfigurationList section */

/* Begin XCRemoteSwiftPackageReference section */
		9B12DF812C0238050002B6B0 /* XCRemoteSwiftPackageReference "Swinject" */ = {
			isa = XCRemoteSwiftPackageReference;
			repositoryURL = "https://github.com/Swinject/Swinject.git";
			requirement = {
				kind = upToNextMajorVersion;
				minimumVersion = 2.8.8;
			};
		};
		9B87FE262BFCE85B008E6290 /* XCRemoteSwiftPackageReference "Kingfisher" */ = {
			isa = XCRemoteSwiftPackageReference;
			repositoryURL = "https://github.com/onevcat/Kingfisher";
			requirement = {
				kind = upToNextMajorVersion;
				minimumVersion = 7.11.0;
			};
		};
/* End XCRemoteSwiftPackageReference section */

/* Begin XCSwiftPackageProductDependency section */
		9B1DB2B52C02B2960003C22E /* Swinject */ = {
			isa = XCSwiftPackageProductDependency;
			package = 9B12DF812C0238050002B6B0 /* XCRemoteSwiftPackageReference "Swinject" */;
			productName = Swinject;
		};
		9B5662682C03560E0068C273 /* Swinject-Dynamic */ = {
			isa = XCSwiftPackageProductDependency;
			package = 9B12DF812C0238050002B6B0 /* XCRemoteSwiftPackageReference "Swinject" */;
			productName = "Swinject-Dynamic";
		};
		9B87FE272BFCE85B008E6290 /* Kingfisher */ = {
			isa = XCSwiftPackageProductDependency;
			package = 9B87FE262BFCE85B008E6290 /* XCRemoteSwiftPackageReference "Kingfisher" */;
			productName = Kingfisher;
		};
/* End XCSwiftPackageProductDependency section */
	};
	rootObject = 9BA4D6C32BF7E00E009BB92D /* Project object */;
}
